
Microsoft Visual Studio Solution File, Format Version 12.00
# Visual Studio 2012
Project("{FAE04EC0-301F-11D3-BF4B-00C04F79EFBC}") = "PlanningSoftware", "PlanningSoftware\PlanningSoftware.csproj", "{86214A16-5C34-40F9-9B0B-DA3D8378EF9B}"
EndProject
Project("{6141683F-8A12-4E36-9623-2EB02B2C2303}") = "Spot On v1.00", "Spot On v1.00\Spot On v1.00.isproj", "{A988DBF2-47FC-49B6-8D95-90C3A1C8B74A}"
	ProjectSection(ProjectDependencies) = postProject
		{86214A16-5C34-40F9-9B0B-DA3D8378EF9B} = {86214A16-5C34-40F9-9B0B-DA3D8378EF9B}
	EndProjectSection
EndProject
Global
	GlobalSection(SolutionConfigurationPlatforms) = preSolution
		CD_ROM|Any CPU = CD_ROM|Any CPU
		Debug|Any CPU = Debug|Any CPU
		DVD-5|Any CPU = DVD-5|Any CPU
		Release|Any CPU = Release|Any CPU
		SingleImage|Any CPU = SingleImage|Any CPU
	EndGlobalSection
	GlobalSection(ProjectConfigurationPlatforms) = postSolution
		{86214A16-5C34-40F9-9B0B-DA3D8378EF9B}.CD_ROM|Any CPU.ActiveCfg = Release|Any CPU
		{86214A16-5C34-40F9-9B0B-DA3D8378EF9B}.CD_ROM|Any CPU.Build.0 = Release|Any CPU
		{86214A16-5C34-40F9-9B0B-DA3D8378EF9B}.Debug|Any CPU.ActiveCfg = Debug|Any CPU
		{86214A16-5C34-40F9-9B0B-DA3D8378EF9B}.Debug|Any CPU.Build.0 = Debug|Any CPU
		{86214A16-5C34-40F9-9B0B-DA3D8378EF9B}.DVD-5|Any CPU.ActiveCfg = Debug|Any CPU
		{86214A16-5C34-40F9-9B0B-DA3D8378EF9B}.DVD-5|Any CPU.Build.0 = Debug|Any CPU
		{86214A16-5C34-40F9-9B0B-DA3D8378EF9B}.Release|Any CPU.ActiveCfg = Release|Any CPU
		{86214A16-5C34-40F9-9B0B-DA3D8378EF9B}.Release|Any CPU.Build.0 = Release|Any CPU
		{86214A16-5C34-40F9-9B0B-DA3D8378EF9B}.SingleImage|Any CPU.ActiveCfg = Release|Any CPU
		{86214A16-5C34-40F9-9B0B-DA3D8378EF9B}.SingleImage|Any CPU.Build.0 = Release|Any CPU
		{A988DBF2-47FC-49B6-8D95-90C3A1C8B74A}.CD_ROM|Any CPU.ActiveCfg = CD_ROM
		{A988DBF2-47FC-49B6-8D95-90C3A1C8B74A}.CD_ROM|Any CPU.Build.0 = CD_ROM
		{A988DBF2-47FC-49B6-8D95-90C3A1C8B74A}.Debug|Any CPU.ActiveCfg = DVD-5
		{A988DBF2-47FC-49B6-8D95-90C3A1C8B74A}.Debug|Any CPU.Build.0 = DVD-5
		{A988DBF2-47FC-49B6-8D95-90C3A1C8B74A}.DVD-5|Any CPU.ActiveCfg = DVD-5
		{A988DBF2-47FC-49B6-8D95-90C3A1C8B74A}.DVD-5|Any CPU.Build.0 = DVD-5
		{A988DBF2-47FC-49B6-8D95-90C3A1C8B74A}.Release|Any CPU.ActiveCfg = SingleImage
		{A988DBF2-47FC-49B6-8D95-90C3A1C8B74A}.Release|Any CPU.Build.0 = SingleImage
		{A988DBF2-47FC-49B6-8D95-90C3A1C8B74A}.SingleImage|Any CPU.ActiveCfg = SingleImage
		{A988DBF2-47FC-49B6-8D95-90C3A1C8B74A}.SingleImage|Any CPU.Build.0 = SingleImage
	EndGlobalSection
	GlobalSection(SolutionProperties) = preSolution
		HideSolutionNode = FALSE
	EndGlobalSection
EndGlobal
